
Microsoft Visual Studio Solution File, Format Version 12.00
# Visual Studio 15
VisualStudioVersion = 15.0.26621.2
MinimumVisualStudioVersion = 10.0.40219.1
Project("{FAE04EC0-301F-11D3-BF4B-00C04F79EFBC}") = "APIService", "APIService\APIService.csproj", "{263E1473-103A-420D-AE3F-243405EC2784}"
EndProject
Project("{FAE04EC0-301F-11D3-BF4B-00C04F79EFBC}") = "ClientApp", "ClientApp\ClientApp.csproj", "{82FC4DD3-0AEC-4F77-A553-BFEF202B71C9}"
EndProject
Global
	GlobalSection(SolutionConfigurationPlatforms) = preSolution
		Debug|Any CPU = Debug|Any CPU
		Release|Any CPU = Release|Any CPU
	EndGlobalSection
	GlobalSection(ProjectConfigurationPlatforms) = postSolution
		{263E1473-103A-420D-AE3F-243405EC2784}.Debug|Any CPU.ActiveCfg = Debug|Any CPU
		{263E1473-103A-420D-AE3F-243405EC2784}.Debug|Any CPU.Build.0 = Debug|Any CPU
		{263E1473-103A-420D-AE3F-243405EC2784}.Release|Any CPU.ActiveCfg = Release|Any CPU
		{263E1473-103A-420D-AE3F-243405EC2784}.Release|Any CPU.Build.0 = Release|Any CPU
		{82FC4DD3-0AEC-4F77-A553-BFEF202B71C9}.Debug|Any CPU.ActiveCfg = Debug|Any CPU
		{82FC4DD3-0AEC-4F77-A553-BFEF202B71C9}.Debug|Any CPU.Build.0 = Debug|Any CPU
		{82FC4DD3-0AEC-4F77-A553-BFEF202B71C9}.Release|Any CPU.ActiveCfg = Release|Any CPU
		{82FC4DD3-0AEC-4F77-A553-BFEF202B71C9}.Release|Any CPU.Build.0 = Release|Any CPU
	EndGlobalSection
	GlobalSection(SolutionProperties) = preSolution
		HideSolutionNode = FALSE
	EndGlobalSection
	GlobalSection(ExtensibilityGlobals) = postSolution
		SolutionGuid = {C79D8DB7-BD0F-44A4-AC9B-440DD04FFBB9}
	EndGlobalSection
EndGlobal
