
Microsoft Visual Studio Solution File, Format Version 12.00
# Visual Studio 15
VisualStudioVersion = 15.0.26621.2
MinimumVisualStudioVersion = 10.0.40219.1
Project("{FAE04EC0-301F-11D3-BF4B-00C04F79EFBC}") = "FrameworkConsoleApp", "FrameworkConsoleApp\FrameworkConsoleApp.csproj", "{48845205-37C7-4701-B01F-915FA4BA9F4F}"
EndProject
Project("{9A19103F-16F7-4668-BE54-9A1E7A4F7556}") = "NetStandardLib", "NetStandardLib\NetStandardLib.csproj", "{50F78C18-081F-496B-9332-ECA7FD0F67CD}"
EndProject
Project("{FAE04EC0-301F-11D3-BF4B-00C04F79EFBC}") = "CoreApp", "CoreApp\CoreApp.csproj", "{0A746E0F-500D-46D2-B0CF-FA68BC47853D}"
EndProject
Project("{FAE04EC0-301F-11D3-BF4B-00C04F79EFBC}") = "OldFrameworkLib", "OldFrameworkLib\OldFrameworkLib.csproj", "{F2B93804-D523-45F1-BE9A-2881EA0D107F}"
EndProject
Global
	GlobalSection(SolutionConfigurationPlatforms) = preSolution
		Debug|Any CPU = Debug|Any CPU
		Release|Any CPU = Release|Any CPU
	EndGlobalSection
	GlobalSection(ProjectConfigurationPlatforms) = postSolution
		{48845205-37C7-4701-B01F-915FA4BA9F4F}.Debug|Any CPU.ActiveCfg = Debug|Any CPU
		{48845205-37C7-4701-B01F-915FA4BA9F4F}.Debug|Any CPU.Build.0 = Debug|Any CPU
		{48845205-37C7-4701-B01F-915FA4BA9F4F}.Release|Any CPU.ActiveCfg = Release|Any CPU
		{48845205-37C7-4701-B01F-915FA4BA9F4F}.Release|Any CPU.Build.0 = Release|Any CPU
		{50F78C18-081F-496B-9332-ECA7FD0F67CD}.Debug|Any CPU.ActiveCfg = Debug|Any CPU
		{50F78C18-081F-496B-9332-ECA7FD0F67CD}.Debug|Any CPU.Build.0 = Debug|Any CPU
		{50F78C18-081F-496B-9332-ECA7FD0F67CD}.Release|Any CPU.ActiveCfg = Release|Any CPU
		{50F78C18-081F-496B-9332-ECA7FD0F67CD}.Release|Any CPU.Build.0 = Release|Any CPU
		{0A746E0F-500D-46D2-B0CF-FA68BC47853D}.Debug|Any CPU.ActiveCfg = Debug|Any CPU
		{0A746E0F-500D-46D2-B0CF-FA68BC47853D}.Debug|Any CPU.Build.0 = Debug|Any CPU
		{0A746E0F-500D-46D2-B0CF-FA68BC47853D}.Release|Any CPU.ActiveCfg = Release|Any CPU
		{0A746E0F-500D-46D2-B0CF-FA68BC47853D}.Release|Any CPU.Build.0 = Release|Any CPU
		{F2B93804-D523-45F1-BE9A-2881EA0D107F}.Debug|Any CPU.ActiveCfg = Debug|Any CPU
		{F2B93804-D523-45F1-BE9A-2881EA0D107F}.Debug|Any CPU.Build.0 = Debug|Any CPU
		{F2B93804-D523-45F1-BE9A-2881EA0D107F}.Release|Any CPU.ActiveCfg = Release|Any CPU
		{F2B93804-D523-45F1-BE9A-2881EA0D107F}.Release|Any CPU.Build.0 = Release|Any CPU
	EndGlobalSection
	GlobalSection(SolutionProperties) = preSolution
		HideSolutionNode = FALSE
	EndGlobalSection
	GlobalSection(ExtensibilityGlobals) = postSolution
		SolutionGuid = {4C8E9780-AFB4-4483-935A-21699E4C420A}
	EndGlobalSection
EndGlobal
