
Microsoft Visual Studio Solution File, Format Version 12.00
# Visual Studio 15
VisualStudioVersion = 15.0.26608.5
MinimumVisualStudioVersion = 10.0.40219.1
Project("{9A19103F-16F7-4668-BE54-9A1E7A4F7556}") = "Lab06_01", "Lab06_01.csproj", "{2CBC3751-AEFB-4B17-AFA1-1AE4AA51AE5E}"
EndProject
Global
	GlobalSection(SolutionConfigurationPlatforms) = preSolution
		Debug|Any CPU = Debug|Any CPU
		Release|Any CPU = Release|Any CPU
	EndGlobalSection
	GlobalSection(ProjectConfigurationPlatforms) = postSolution
		{2CBC3751-AEFB-4B17-AFA1-1AE4AA51AE5E}.Debug|Any CPU.ActiveCfg = Debug|Any CPU
		{2CBC3751-AEFB-4B17-AFA1-1AE4AA51AE5E}.Debug|Any CPU.Build.0 = Debug|Any CPU
		{2CBC3751-AEFB-4B17-AFA1-1AE4AA51AE5E}.Release|Any CPU.ActiveCfg = Release|Any CPU
		{2CBC3751-AEFB-4B17-AFA1-1AE4AA51AE5E}.Release|Any CPU.Build.0 = Release|Any CPU
	EndGlobalSection
	GlobalSection(SolutionProperties) = preSolution
		HideSolutionNode = FALSE
	EndGlobalSection
EndGlobal
